
Microsoft Visual Studio Solution File, Format Version 12.00
# Visual Studio 15
Project("{FAE04EC0-301F-11D3-BF4B-00C04F79EFBC}") = "Assembly-CSharp", "Assembly-CSharp.csproj", "{A60E2CE8-1058-2B2C-5C84-64F3ECE11675}"
EndProject
Project("{FAE04EC0-301F-11D3-BF4B-00C04F79EFBC}") = "Assembly-CSharp-firstpass", "Assembly-CSharp-firstpass.csproj", "{D512ADC1-95C9-E03E-D955-87301C6CC1B5}"
EndProject
Project("{FAE04EC0-301F-11D3-BF4B-00C04F79EFBC}") = "Assembly-CSharp-Editor-firstpass", "Assembly-CSharp-Editor-firstpass.csproj", "{9FE87898-D73F-DD4F-0D04-07F471AE67CB}"
EndProject
Global
	GlobalSection(SolutionConfigurationPlatforms) = preSolution
		Debug|Any CPU = Debug|Any CPU
		Release|Any CPU = Release|Any CPU
	EndGlobalSection
	GlobalSection(ProjectConfigurationPlatforms) = postSolution
		{A60E2CE8-1058-2B2C-5C84-64F3ECE11675}.Debug|Any CPU.ActiveCfg = Debug|Any CPU
		{A60E2CE8-1058-2B2C-5C84-64F3ECE11675}.Debug|Any CPU.Build.0 = Debug|Any CPU
		{A60E2CE8-1058-2B2C-5C84-64F3ECE11675}.Release|Any CPU.ActiveCfg = Release|Any CPU
		{A60E2CE8-1058-2B2C-5C84-64F3ECE11675}.Release|Any CPU.Build.0 = Release|Any CPU
		{D512ADC1-95C9-E03E-D955-87301C6CC1B5}.Debug|Any CPU.ActiveCfg = Debug|Any CPU
		{D512ADC1-95C9-E03E-D955-87301C6CC1B5}.Debug|Any CPU.Build.0 = Debug|Any CPU
		{D512ADC1-95C9-E03E-D955-87301C6CC1B5}.Release|Any CPU.ActiveCfg = Release|Any CPU
		{D512ADC1-95C9-E03E-D955-87301C6CC1B5}.Release|Any CPU.Build.0 = Release|Any CPU
		{9FE87898-D73F-DD4F-0D04-07F471AE67CB}.Debug|Any CPU.ActiveCfg = Debug|Any CPU
		{9FE87898-D73F-DD4F-0D04-07F471AE67CB}.Debug|Any CPU.Build.0 = Debug|Any CPU
		{9FE87898-D73F-DD4F-0D04-07F471AE67CB}.Release|Any CPU.ActiveCfg = Release|Any CPU
		{9FE87898-D73F-DD4F-0D04-07F471AE67CB}.Release|Any CPU.Build.0 = Release|Any CPU
	EndGlobalSection
	GlobalSection(SolutionProperties) = preSolution
		HideSolutionNode = FALSE
	EndGlobalSection
EndGlobal
